
Microsoft Visual Studio Solution File, Format Version 12.00
# Visual Studio Version 17
VisualStudioVersion = 17.12.35527.113
MinimumVisualStudioVersion = 10.0.40219.1
Project("{2150E333-8FDC-42A3-9474-1A3956D46DE8}") = "src", "src", "{E463F94E-BD48-4511-A4EA-DACEB2357C28}"
EndProject
Project("{FAE04EC0-301F-11D3-BF4B-00C04F79EFBC}") = "ZeeyoWPF.Data", "src\ZeeyoWPF.Data\ZeeyoWPF.Data.csproj", "{2B178556-9F9A-40C6-9489-548EB1965A08}"
EndProject
Project("{FAE04EC0-301F-11D3-BF4B-00C04F79EFBC}") = "ZeeyoWPF.UI", "src\ZeeyoWPF.UI\ZeeyoWPF.UI.csproj", "{2BFF37CA-8444-448A-853A-8D706F1467F7}"
EndProject
Project("{FAE04EC0-301F-11D3-BF4B-00C04F79EFBC}") = "ZeeyoWPF.Domain", "src\ZeeyoWPF.Domain\ZeeyoWPF.Domain.csproj", "{1D6EAA7F-9B96-49D4-91D6-0E0B50B98507}"
EndProject
Project("{FAE04EC0-301F-11D3-BF4B-00C04F79EFBC}") = "ZeeyoWPF.Service", "src\ZeeyoWPF.Service\ZeeyoWPF.Service.csproj", "{7AD027D5-9C26-4376-9AEC-3237FAE6A047}"
EndProject
Global
	GlobalSection(SolutionConfigurationPlatforms) = preSolution
		Debug|Any CPU = Debug|Any CPU
		Release|Any CPU = Release|Any CPU
	EndGlobalSection
	GlobalSection(ProjectConfigurationPlatforms) = postSolution
		{2B178556-9F9A-40C6-9489-548EB1965A08}.Debug|Any CPU.ActiveCfg = Debug|Any CPU
		{2B178556-9F9A-40C6-9489-548EB1965A08}.Debug|Any CPU.Build.0 = Debug|Any CPU
		{2B178556-9F9A-40C6-9489-548EB1965A08}.Release|Any CPU.ActiveCfg = Release|Any CPU
		{2B178556-9F9A-40C6-9489-548EB1965A08}.Release|Any CPU.Build.0 = Release|Any CPU
		{2BFF37CA-8444-448A-853A-8D706F1467F7}.Debug|Any CPU.ActiveCfg = Debug|Any CPU
		{2BFF37CA-8444-448A-853A-8D706F1467F7}.Debug|Any CPU.Build.0 = Debug|Any CPU
		{2BFF37CA-8444-448A-853A-8D706F1467F7}.Release|Any CPU.ActiveCfg = Release|Any CPU
		{2BFF37CA-8444-448A-853A-8D706F1467F7}.Release|Any CPU.Build.0 = Release|Any CPU
		{1D6EAA7F-9B96-49D4-91D6-0E0B50B98507}.Debug|Any CPU.ActiveCfg = Debug|Any CPU
		{1D6EAA7F-9B96-49D4-91D6-0E0B50B98507}.Debug|Any CPU.Build.0 = Debug|Any CPU
		{1D6EAA7F-9B96-49D4-91D6-0E0B50B98507}.Release|Any CPU.ActiveCfg = Release|Any CPU
		{1D6EAA7F-9B96-49D4-91D6-0E0B50B98507}.Release|Any CPU.Build.0 = Release|Any CPU
		{7AD027D5-9C26-4376-9AEC-3237FAE6A047}.Debug|Any CPU.ActiveCfg = Debug|Any CPU
		{7AD027D5-9C26-4376-9AEC-3237FAE6A047}.Debug|Any CPU.Build.0 = Debug|Any CPU
		{7AD027D5-9C26-4376-9AEC-3237FAE6A047}.Release|Any CPU.ActiveCfg = Release|Any CPU
		{7AD027D5-9C26-4376-9AEC-3237FAE6A047}.Release|Any CPU.Build.0 = Release|Any CPU
	EndGlobalSection
	GlobalSection(SolutionProperties) = preSolution
		HideSolutionNode = FALSE
	EndGlobalSection
	GlobalSection(NestedProjects) = preSolution
		{2B178556-9F9A-40C6-9489-548EB1965A08} = {E463F94E-BD48-4511-A4EA-DACEB2357C28}
		{2BFF37CA-8444-448A-853A-8D706F1467F7} = {E463F94E-BD48-4511-A4EA-DACEB2357C28}
		{1D6EAA7F-9B96-49D4-91D6-0E0B50B98507} = {E463F94E-BD48-4511-A4EA-DACEB2357C28}
		{7AD027D5-9C26-4376-9AEC-3237FAE6A047} = {E463F94E-BD48-4511-A4EA-DACEB2357C28}
	EndGlobalSection
EndGlobal
